// !$*UTF8*$!
{
	archiveVersion = 1;
	classes = {
	};
	objectVersion = 77;
	objects = {

/* Begin PBXContainerItemProxy section */
		58E5F1BE588E423C93EC9D46 /* PBXContainerItemProxy */ = {
			isa = PBXContainerItemProxy;
			containerPortal = 98F54143AB4E86B28C3AFEE0 /* Project object */;
			proxyType = 1;
			remoteGlobalIDString = 05E4F3D3DF1F72D77F2F121D;
			remoteInfo = AppShell;
		};
		E529FEF9E3DFD484D216A7FD /* PBXContainerItemProxy */ = {
			isa = PBXContainerItemProxy;
			containerPortal = 98F54143AB4E86B28C3AFEE0 /* Project object */;
			proxyType = 1;
			remoteGlobalIDString = 05E4F3D3DF1F72D77F2F121D;
			remoteInfo = AppShell;
		};
/* End PBXContainerItemProxy section */

/* Begin PBXFileReference section */
		2923ECD26F4C86D9F67EA938 /* AppShellTests.xctest */ = {isa = PBXFileReference; explicitFileType = wrapper.cfbundle; includeInIndex = 0; path = AppShellTests.xctest; sourceTree = BUILT_PRODUCTS_DIR; };
		68A6B97DC9C569A506558D64 /* AppShellUITests.xctest */ = {isa = PBXFileReference; explicitFileType = wrapper.cfbundle; includeInIndex = 0; path = AppShellUITests.xctest; sourceTree = BUILT_PRODUCTS_DIR; };
		7810FACD1A7F55E5BD9A24EB /* Debug.xcconfig */ = {isa = PBXFileReference; lastKnownFileType = text.xcconfig; path = Debug.xcconfig; sourceTree = "<group>"; };
		9D96675E1AE8F147742B656F /* AppShell.app */ = {isa = PBXFileReference; explicitFileType = wrapper.application; includeInIndex = 0; path = AppShell.app; sourceTree = BUILT_PRODUCTS_DIR; };
		E7B1BFA482251F04722B6837 /* AppShell.entitlements */ = {isa = PBXFileReference; lastKnownFileType = text.plist.entitlements; path = AppShell.entitlements; sourceTree = "<group>"; };
		E91A5C65C2B08EF01D2456AF /* Base.xcconfig */ = {isa = PBXFileReference; lastKnownFileType = text.xcconfig; path = Base.xcconfig; sourceTree = "<group>"; };
		E9E907FEF44498EF7DE7F1F7 /* Release.xcconfig */ = {isa = PBXFileReference; lastKnownFileType = text.xcconfig; path = Release.xcconfig; sourceTree = "<group>"; };
		F3398FD130625A7200AFF8C1 /* AGENTS.md */ = {isa = PBXFileReference; lastKnownFileType = net.daringfireball.markdown; path = AGENTS.md; sourceTree = "<group>"; };
/* End PBXFileReference section */

/* Begin PBXFileSystemSynchronizedRootGroup section */
		119C44536C59FD2DC605EB12 /* AppShellUITests */ = {
			isa = PBXFileSystemSynchronizedRootGroup;
			path = AppShellUITests;
			sourceTree = "<group>";
		};
		630A3E12678C4AB4BD0D2C24 /* docs */ = {
			isa = PBXFileSystemSynchronizedRootGroup;
			path = docs;
			sourceTree = "<group>";
		};
		69F8D45498D7E20DA99BB780 /* AppShell */ = {
			isa = PBXFileSystemSynchronizedRootGroup;
			path = AppShell;
			sourceTree = "<group>";
		};
		C25149068875BE014F61F0BA /* AppShellTests */ = {
			isa = PBXFileSystemSynchronizedRootGroup;
			path = AppShellTests;
			sourceTree = "<group>";
		};
		DEA965F38A223E375FD24638 /* script */ = {
			isa = PBXFileSystemSynchronizedRootGroup;
			path = script;
			sourceTree = "<group>";
		};
/* End PBXFileSystemSynchronizedRootGroup section */

/* Begin PBXFrameworksBuildPhase section */
		384C7CF1CEBF7A50DB8892D8 /* Frameworks */ = {
			isa = PBXFrameworksBuildPhase;
			buildActionMask = 2147483647;
			files = (
			);
			runOnlyForDeploymentPostprocessing = 0;
		};
		C1B8EA486BC25E03D1B4E980 /* Frameworks */ = {
			isa = PBXFrameworksBuildPhase;
			buildActionMask = 2147483647;
			files = (
			);
			runOnlyForDeploymentPostprocessing = 0;
		};
		C537B0F7AB811FE57B19E4ED /* Frameworks */ = {
			isa = PBXFrameworksBuildPhase;
			buildActionMask = 2147483647;
			files = (
			);
			runOnlyForDeploymentPostprocessing = 0;
		};
/* End PBXFrameworksBuildPhase section */

/* Begin PBXGroup section */
		328EC33DF3954DC9B83FA285 /* Products */ = {
			isa = PBXGroup;
			children = (
				9D96675E1AE8F147742B656F /* AppShell.app */,
				2923ECD26F4C86D9F67EA938 /* AppShellTests.xctest */,
				68A6B97DC9C569A506558D64 /* AppShellUITests.xctest */,
			);
			name = Products;
			sourceTree = "<group>";
		};
		68DE481A39400A49757EB7B7 /* Tests */ = {
			isa = PBXGroup;
			children = (
				C25149068875BE014F61F0BA /* AppShellTests */,
				119C44536C59FD2DC605EB12 /* AppShellUITests */,
			);
			path = Tests;
			sourceTree = "<group>";
		};
		8C3CAE929B92155BEC14CDAB /* Configurations */ = {
			isa = PBXGroup;
			children = (
				E91A5C65C2B08EF01D2456AF /* Base.xcconfig */,
				7810FACD1A7F55E5BD9A24EB /* Debug.xcconfig */,
				E9E907FEF44498EF7DE7F1F7 /* Release.xcconfig */,
				E7B1BFA482251F04722B6837 /* AppShell.entitlements */,
			);
			path = Configurations;
			sourceTree = "<group>";
		};
		E50290A24C49A459B43487C5 = {
			isa = PBXGroup;
			children = (
				F3398FD130625A7200AFF8C1 /* AGENTS.md */,
				69F8D45498D7E20DA99BB780 /* AppShell */,
				68DE481A39400A49757EB7B7 /* Tests */,
				8C3CAE929B92155BEC14CDAB /* Configurations */,
				630A3E12678C4AB4BD0D2C24 /* docs */,
				DEA965F38A223E375FD24638 /* script */,
				328EC33DF3954DC9B83FA285 /* Products */,
			);
			sourceTree = "<group>";
		};
/* End PBXGroup section */

/* Begin PBXNativeTarget section */
		05E4F3D3DF1F72D77F2F121D /* AppShell */ = {
			isa = PBXNativeTarget;
			buildConfigurationList = 1C47D0E44F655DBD23E59F3B /* Build configuration list for PBXNativeTarget "AppShell" */;
			buildPhases = (
				9DED0C37C4539D038095FFA0 /* Sources */,
				C1B8EA486BC25E03D1B4E980 /* Frameworks */,
				63E1773F9E20603491848F4A /* Resources */,
			);
			buildRules = (
			);
			dependencies = (
			);
			fileSystemSynchronizedGroups = (
				69F8D45498D7E20DA99BB780 /* AppShell */,
			);
			name = AppShell;
			productName = AppShell;
			productReference = 9D96675E1AE8F147742B656F /* AppShell.app */;
			productType = "com.apple.product-type.application";
		};
		87FB7CC519CCF464BF951BF8 /* AppShellTests */ = {
			isa = PBXNativeTarget;
			buildConfigurationList = D957C8AE37340C1DF98321F5 /* Build configuration list for PBXNativeTarget "AppShellTests" */;
			buildPhases = (
				E1123199FB105FBE88B93A6D /* Sources */,
				C537B0F7AB811FE57B19E4ED /* Frameworks */,
				69B716CECB07C2F6A323610A /* Resources */,
			);
			buildRules = (
			);
			dependencies = (
				B133D8F8280EF5F277C69369 /* PBXTargetDependency */,
			);
			fileSystemSynchronizedGroups = (
				C25149068875BE014F61F0BA /* AppShellTests */,
			);
			name = AppShellTests;
			productName = AppShellTests;
			productReference = 2923ECD26F4C86D9F67EA938 /* AppShellTests.xctest */;
			productType = "com.apple.product-type.bundle.unit-test";
		};
		F65689D75FA2EFD924182645 /* AppShellUITests */ = {
			isa = PBXNativeTarget;
			buildConfigurationList = 36205DFAC5D9F469709AAE98 /* Build configuration list for PBXNativeTarget "AppShellUITests" */;
			buildPhases = (
				BD1C29153B674268AC06800B /* Sources */,
				384C7CF1CEBF7A50DB8892D8 /* Frameworks */,
				5E7F5412B045A951BED1D3EE /* Resources */,
			);
			buildRules = (
			);
			dependencies = (
				DC5CE38216A4F6C0EFB29661 /* PBXTargetDependency */,
			);
			fileSystemSynchronizedGroups = (
				119C44536C59FD2DC605EB12 /* AppShellUITests */,
			);
			name = AppShellUITests;
			productName = AppShellUITests;
			productReference = 68A6B97DC9C569A506558D64 /* AppShellUITests.xctest */;
			productType = "com.apple.product-type.bundle.ui-testing";
		};
/* End PBXNativeTarget section */

/* Begin PBXProject section */
		98F54143AB4E86B28C3AFEE0 /* Project object */ = {
			isa = PBXProject;
			attributes = {
				BuildIndependentTargetsInParallel = YES;
				LastUpgradeCheck = 2600;
				TargetAttributes = {
					05E4F3D3DF1F72D77F2F121D = {
						CreatedOnToolsVersion = 26.0;
					};
					87FB7CC519CCF464BF951BF8 = {
						CreatedOnToolsVersion = 26.0;
						TestTargetID = 05E4F3D3DF1F72D77F2F121D;
					};
					F65689D75FA2EFD924182645 = {
						CreatedOnToolsVersion = 26.0;
						TestTargetID = 05E4F3D3DF1F72D77F2F121D;
					};
				};
			};
			buildConfigurationList = 49EA05A46B1A86EA7E413B43 /* Build configuration list for PBXProject "AppShell" */;
			developmentRegion = "zh-Hans";
			hasScannedForEncodings = 0;
			knownRegions = (
				"zh-Hans",
				en,
				Base,
			);
			mainGroup = E50290A24C49A459B43487C5;
			preferredProjectObjectVersion = 77;
			productRefGroup = 328EC33DF3954DC9B83FA285 /* Products */;
			projectDirPath = "";
			projectRoot = "";
			targets = (
				05E4F3D3DF1F72D77F2F121D /* AppShell */,
				87FB7CC519CCF464BF951BF8 /* AppShellTests */,
				F65689D75FA2EFD924182645 /* AppShellUITests */,
			);
		};
/* End PBXProject section */

/* Begin PBXResourcesBuildPhase section */
		5E7F5412B045A951BED1D3EE /* Resources */ = {
			isa = PBXResourcesBuildPhase;
			buildActionMask = 2147483647;
			files = (
			);
			runOnlyForDeploymentPostprocessing = 0;
		};
		63E1773F9E20603491848F4A /* Resources */ = {
			isa = PBXResourcesBuildPhase;
			buildActionMask = 2147483647;
			files = (
			);
			runOnlyForDeploymentPostprocessing = 0;
		};
		69B716CECB07C2F6A323610A /* Resources */ = {
			isa = PBXResourcesBuildPhase;
			buildActionMask = 2147483647;
			files = (
			);
			runOnlyForDeploymentPostprocessing = 0;
		};
/* End PBXResourcesBuildPhase section */

/* Begin PBXSourcesBuildPhase section */
		9DED0C37C4539D038095FFA0 /* Sources */ = {
			isa = PBXSourcesBuildPhase;
			buildActionMask = 2147483647;
			files = (
			);
			runOnlyForDeploymentPostprocessing = 0;
		};
		BD1C29153B674268AC06800B /* Sources */ = {
			isa = PBXSourcesBuildPhase;
			buildActionMask = 2147483647;
			files = (
			);
			runOnlyForDeploymentPostprocessing = 0;
		};
		E1123199FB105FBE88B93A6D /* Sources */ = {
			isa = PBXSourcesBuildPhase;
			buildActionMask = 2147483647;
			files = (
			);
			runOnlyForDeploymentPostprocessing = 0;
		};
/* End PBXSourcesBuildPhase section */

/* Begin PBXTargetDependency section */
		B133D8F8280EF5F277C69369 /* PBXTargetDependency */ = {
			isa = PBXTargetDependency;
			target = 05E4F3D3DF1F72D77F2F121D /* AppShell */;
			targetProxy = E529FEF9E3DFD484D216A7FD /* PBXContainerItemProxy */;
		};
		DC5CE38216A4F6C0EFB29661 /* PBXTargetDependency */ = {
			isa = PBXTargetDependency;
			target = 05E4F3D3DF1F72D77F2F121D /* AppShell */;
			targetProxy = 58E5F1BE588E423C93EC9D46 /* PBXContainerItemProxy */;
		};
/* End PBXTargetDependency section */

/* Begin XCBuildConfiguration section */
		1039A454E343647F19F46F94 /* Release */ = {
			isa = XCBuildConfiguration;
			buildSettings = {
				BUNDLE_LOADER = "$(TEST_HOST)";
				GENERATE_INFOPLIST_FILE = YES;
				LD_RUNPATH_SEARCH_PATHS = (
					"$(inherited)",
					"@executable_path/../Frameworks",
					"@loader_path/../Frameworks",
				);
				PRODUCT_BUNDLE_IDENTIFIER = local.lhg.AppShellTests;
				PRODUCT_NAME = "$(TARGET_NAME)";
				SWIFT_EMIT_LOC_STRINGS = NO;
				TEST_HOST = "$(BUILT_PRODUCTS_DIR)/AppShell.app/Contents/MacOS/AppShell";
			};
			name = Release;
		};
		294721494ACF2C4E0C6C306A /* Debug */ = {
			isa = XCBuildConfiguration;
			buildSettings = {
				BUNDLE_LOADER = "$(TEST_HOST)";
				GENERATE_INFOPLIST_FILE = YES;
				LD_RUNPATH_SEARCH_PATHS = (
					"$(inherited)",
					"@executable_path/../Frameworks",
					"@loader_path/../Frameworks",
				);
				PRODUCT_BUNDLE_IDENTIFIER = local.lhg.AppShellTests;
				PRODUCT_NAME = "$(TARGET_NAME)";
				SWIFT_EMIT_LOC_STRINGS = NO;
				TEST_HOST = "$(BUILT_PRODUCTS_DIR)/AppShell.app/Contents/MacOS/AppShell";
			};
			name = Debug;
		};
		6303D8845D5B33AEAE2DA39D /* Debug */ = {
			isa = XCBuildConfiguration;
			buildSettings = {
				CODE_SIGN_ENTITLEMENTS = Configurations/AppShell.entitlements;
				COMBINE_HIDPI_IMAGES = YES;
				ENABLE_APP_SANDBOX = YES;
				ENABLE_HARDENED_RUNTIME = YES;
				GENERATE_INFOPLIST_FILE = YES;
				INFOPLIST_KEY_CFBundleDisplayName = AppShell;
				INFOPLIST_KEY_LSApplicationCategoryType = "public.app-category.utilities";
				INFOPLIST_KEY_NSPrincipalClass = NSApplication;
				LD_RUNPATH_SEARCH_PATHS = (
					"$(inherited)",
					"@executable_path/../Frameworks",
					"@loader_path/../Frameworks",
				);
				PRODUCT_BUNDLE_IDENTIFIER = local.lhg.AppShell;
				PRODUCT_NAME = "$(TARGET_NAME)";
			};
			name = Debug;
		};
		89E1FD6268CC0F221A2BE178 /* Debug */ = {
			isa = XCBuildConfiguration;
			baseConfigurationReference = 7810FACD1A7F55E5BD9A24EB /* Debug.xcconfig */;
			buildSettings = {
			};
			name = Debug;
		};
		900BE4550EC3D7C34918FACF /* Debug */ = {
			isa = XCBuildConfiguration;
			buildSettings = {
				GENERATE_INFOPLIST_FILE = YES;
				LD_RUNPATH_SEARCH_PATHS = (
					"$(inherited)",
					"@executable_path/../Frameworks",
					"@loader_path/../Frameworks",
				);
				PRODUCT_BUNDLE_IDENTIFIER = local.lhg.AppShellUITests;
				PRODUCT_NAME = "$(TARGET_NAME)";
				SWIFT_EMIT_LOC_STRINGS = NO;
				TEST_TARGET_NAME = AppShell;
			};
			name = Debug;
		};
		9304C1B7870EB14CD3864ED6 /* Release */ = {
			isa = XCBuildConfiguration;
			buildSettings = {
				GENERATE_INFOPLIST_FILE = YES;
				LD_RUNPATH_SEARCH_PATHS = (
					"$(inherited)",
					"@executable_path/../Frameworks",
					"@loader_path/../Frameworks",
				);
				PRODUCT_BUNDLE_IDENTIFIER = local.lhg.AppShellUITests;
				PRODUCT_NAME = "$(TARGET_NAME)";
				SWIFT_EMIT_LOC_STRINGS = NO;
				TEST_TARGET_NAME = AppShell;
			};
			name = Release;
		};
		C64B1274727699AC712405C1 /* Release */ = {
			isa = XCBuildConfiguration;
			buildSettings = {
				CODE_SIGN_ENTITLEMENTS = Configurations/AppShell.entitlements;
				COMBINE_HIDPI_IMAGES = YES;
				ENABLE_APP_SANDBOX = YES;
				ENABLE_HARDENED_RUNTIME = YES;
				GENERATE_INFOPLIST_FILE = YES;
				INFOPLIST_KEY_CFBundleDisplayName = AppShell;
				INFOPLIST_KEY_LSApplicationCategoryType = "public.app-category.utilities";
				INFOPLIST_KEY_NSPrincipalClass = NSApplication;
				LD_RUNPATH_SEARCH_PATHS = (
					"$(inherited)",
					"@executable_path/../Frameworks",
					"@loader_path/../Frameworks",
				);
				PRODUCT_BUNDLE_IDENTIFIER = local.lhg.AppShell;
				PRODUCT_NAME = "$(TARGET_NAME)";
			};
			name = Release;
		};
		E6DE6C99132752C914FEF632 /* Release */ = {
			isa = XCBuildConfiguration;
			baseConfigurationReference = E9E907FEF44498EF7DE7F1F7 /* Release.xcconfig */;
			buildSettings = {
			};
			name = Release;
		};
/* End XCBuildConfiguration section */

/* Begin XCConfigurationList section */
		1C47D0E44F655DBD23E59F3B /* Build configuration list for PBXNativeTarget "AppShell" */ = {
			isa = XCConfigurationList;
			buildConfigurations = (
				6303D8845D5B33AEAE2DA39D /* Debug */,
				C64B1274727699AC712405C1 /* Release */,
			);
			defaultConfigurationIsVisible = 0;
			defaultConfigurationName = Release;
		};
		36205DFAC5D9F469709AAE98 /* Build configuration list for PBXNativeTarget "AppShellUITests" */ = {
			isa = XCConfigurationList;
			buildConfigurations = (
				900BE4550EC3D7C34918FACF /* Debug */,
				9304C1B7870EB14CD3864ED6 /* Release */,
			);
			defaultConfigurationIsVisible = 0;
			defaultConfigurationName = Release;
		};
		49EA05A46B1A86EA7E413B43 /* Build configuration list for PBXProject "AppShell" */ = {
			isa = XCConfigurationList;
			buildConfigurations = (
				89E1FD6268CC0F221A2BE178 /* Debug */,
				E6DE6C99132752C914FEF632 /* Release */,
			);
			defaultConfigurationIsVisible = 0;
			defaultConfigurationName = Release;
		};
		D957C8AE37340C1DF98321F5 /* Build configuration list for PBXNativeTarget "AppShellTests" */ = {
			isa = XCConfigurationList;
			buildConfigurations = (
				294721494ACF2C4E0C6C306A /* Debug */,
				1039A454E343647F19F46F94 /* Release */,
			);
			defaultConfigurationIsVisible = 0;
			defaultConfigurationName = Release;
		};
/* End XCConfigurationList section */
	};
	rootObject = 98F54143AB4E86B28C3AFEE0 /* Project object */;
}
